// !$*UTF8*$!
{
	archiveVersion = 1;
	classes = {
	};
	objectVersion = 55;
	objects = {

/* Begin PBXBuildFile section */
		189CC0C22764ED7F00884958 /* AppDelegate.swift in Sources */ = {isa = PBXBuildFile; fileRef = 189CC0C12764ED7F00884958 /* AppDelegate.swift */; };
		189CC0C92764ED7F00884958 /* Main.storyboard in Resources */ = {isa = PBXBuildFile; fileRef = 189CC0C72764ED7F00884958 /* Main.storyboard */; };
		189CC0CB2764ED8000884958 /* Assets.xcassets in Resources */ = {isa = PBXBuildFile; fileRef = 189CC0CA2764ED8000884958 /* Assets.xcassets */; };
		189CC0CE2764ED8000884958 /* LaunchScreen.storyboard in Resources */ = {isa = PBXBuildFile; fileRef = 189CC0CC2764ED8000884958 /* LaunchScreen.storyboard */; };
		189CC0D62764EE2D00884958 /* RootViewController.swift in Sources */ = {isa = PBXBuildFile; fileRef = 189CC0D52764EE2D00884958 /* RootViewController.swift */; };
		189E15BE2765ED120073028F /* Tools.swift in Sources */ = {isa = PBXBuildFile; fileRef = 189E15BD2765ED120073028F /* Tools.swift */; };
		189E15C0276600180073028F /* Extensions.swift in Sources */ = {isa = PBXBuildFile; fileRef = 189E15BF276600180073028F /* Extensions.swift */; };
		189E15C2276614F00073028F /* EditProfileViewController.swift in Sources */ = {isa = PBXBuildFile; fileRef = 189E15C1276614F00073028F /* EditProfileViewController.swift */; };
		189E15C427662B3E0073028F /* AddPostViewController.swift in Sources */ = {isa = PBXBuildFile; fileRef = 189E15C327662B3E0073028F /* AddPostViewController.swift */; };
		189E15C727662B580073028F /* PostTableViewCell.swift in Sources */ = {isa = PBXBuildFile; fileRef = 189E15C527662B580073028F /* PostTableViewCell.swift */; };
		189E15C827662B580073028F /* PostTableViewCell.xib in Resources */ = {isa = PBXBuildFile; fileRef = 189E15C627662B580073028F /* PostTableViewCell.xib */; };
		18DE545B2764F7D8006A664D /* HomeViewController.swift in Sources */ = {isa = PBXBuildFile; fileRef = 18DE545A2764F7D8006A664D /* HomeViewController.swift */; };
		18DE54612764F829006A664D /* NotifsViewController.swift in Sources */ = {isa = PBXBuildFile; fileRef = 18DE54602764F829006A664D /* NotifsViewController.swift */; };
		18DE54632764F836006A664D /* MessageViewController.swift in Sources */ = {isa = PBXBuildFile; fileRef = 18DE54622764F836006A664D /* MessageViewController.swift */; };
		18DE54692764FB7A006A664D /* DataModels.swift in Sources */ = {isa = PBXBuildFile; fileRef = 18DE54682764FB7A006A664D /* DataModels.swift */; };
		18DE546B2764FE31006A664D /* ChooseUserViewController.swift in Sources */ = {isa = PBXBuildFile; fileRef = 18DE546A2764FE31006A664D /* ChooseUserViewController.swift */; };
		C9286D536C554C9845AAD911 /* Pods_SocialMedia.framework in Frameworks */ = {isa = PBXBuildFile; fileRef = 8706A145A61F844F724924C5 /* Pods_SocialMedia.framework */; };
/* End PBXBuildFile section */

/* Begin PBXFileReference section */
		189CC0BE2764ED7F00884958 /* SocialMedia.app */ = {isa = PBXFileReference; explicitFileType = wrapper.application; includeInIndex = 0; path = SocialMedia.app; sourceTree = BUILT_PRODUCTS_DIR; };
		189CC0C12764ED7F00884958 /* AppDelegate.swift */ = {isa = PBXFileReference; lastKnownFileType = sourcecode.swift; path = AppDelegate.swift; sourceTree = "<group>"; };
		189CC0C82764ED7F00884958 /* Base */ = {isa = PBXFileReference; lastKnownFileType = file.storyboard; name = Base; path = Base.lproj/Main.storyboard; sourceTree = "<group>"; };
		189CC0CA2764ED8000884958 /* Assets.xcassets */ = {isa = PBXFileReference; lastKnownFileType = folder.assetcatalog; path = Assets.xcassets; sourceTree = "<group>"; };
		189CC0CD2764ED8000884958 /* Base */ = {isa = PBXFileReference; lastKnownFileType = file.storyboard; name = Base; path = Base.lproj/LaunchScreen.storyboard; sourceTree = "<group>"; };
		189CC0CF2764ED8000884958 /* Info.plist */ = {isa = PBXFileReference; lastKnownFileType = text.plist.xml; path = Info.plist; sourceTree = "<group>"; };
		189CC0D52764EE2D00884958 /* RootViewController.swift */ = {isa = PBXFileReference; lastKnownFileType = sourcecode.swift; path = RootViewController.swift; sourceTree = "<group>"; };
		189E15BD2765ED120073028F /* Tools.swift */ = {isa = PBXFileReference; lastKnownFileType = sourcecode.swift; path = Tools.swift; sourceTree = "<group>"; };
		189E15BF276600180073028F /* Extensions.swift */ = {isa = PBXFileReference; lastKnownFileType = sourcecode.swift; path = Extensions.swift; sourceTree = "<group>"; };
		189E15C1276614F00073028F /* EditProfileViewController.swift */ = {isa = PBXFileReference; lastKnownFileType = sourcecode.swift; path = EditProfileViewController.swift; sourceTree = "<group>"; };
		189E15C327662B3E0073028F /* AddPostViewController.swift */ = {isa = PBXFileReference; lastKnownFileType = sourcecode.swift; path = AddPostViewController.swift; sourceTree = "<group>"; };
		189E15C527662B580073028F /* PostTableViewCell.swift */ = {isa = PBXFileReference; lastKnownFileType = sourcecode.swift; path = PostTableViewCell.swift; sourceTree = "<group>"; };
		189E15C627662B580073028F /* PostTableViewCell.xib */ = {isa = PBXFileReference; lastKnownFileType = file.xib; path = PostTableViewCell.xib; sourceTree = "<group>"; };
		18DE545A2764F7D8006A664D /* HomeViewController.swift */ = {isa = PBXFileReference; lastKnownFileType = sourcecode.swift; path = HomeViewController.swift; sourceTree = "<group>"; };
		18DE54602764F829006A664D /* NotifsViewController.swift */ = {isa = PBXFileReference; lastKnownFileType = sourcecode.swift; path = NotifsViewController.swift; sourceTree = "<group>"; };
		18DE54622764F836006A664D /* MessageViewController.swift */ = {isa = PBXFileReference; lastKnownFileType = sourcecode.swift; path = MessageViewController.swift; sourceTree = "<group>"; };
		18DE54682764FB7A006A664D /* DataModels.swift */ = {isa = PBXFileReference; lastKnownFileType = sourcecode.swift; path = DataModels.swift; sourceTree = "<group>"; };
		18DE546A2764FE31006A664D /* ChooseUserViewController.swift */ = {isa = PBXFileReference; lastKnownFileType = sourcecode.swift; path = ChooseUserViewController.swift; sourceTree = "<group>"; };
		47C8D6B5321B735F0560203F /* Pods-SocialMedia.debug.xcconfig */ = {isa = PBXFileReference; includeInIndex = 1; lastKnownFileType = text.xcconfig; name = "Pods-SocialMedia.debug.xcconfig"; path = "Target Support Files/Pods-SocialMedia/Pods-SocialMedia.debug.xcconfig"; sourceTree = "<group>"; };
		58E29EBA73F6E9D3402E585E /* Pods-SocialMedia.release.xcconfig */ = {isa = PBXFileReference; includeInIndex = 1; lastKnownFileType = text.xcconfig; name = "Pods-SocialMedia.release.xcconfig"; path = "Target Support Files/Pods-SocialMedia/Pods-SocialMedia.release.xcconfig"; sourceTree = "<group>"; };
		8706A145A61F844F724924C5 /* Pods_SocialMedia.framework */ = {isa = PBXFileReference; explicitFileType = wrapper.framework; includeInIndex = 0; path = Pods_SocialMedia.framework; sourceTree = BUILT_PRODUCTS_DIR; };
/* End PBXFileReference section */

/* Begin PBXFrameworksBuildPhase section */
		189CC0BB2764ED7F00884958 /* Frameworks */ = {
			isa = PBXFrameworksBuildPhase;
			buildActionMask = 2147483647;
			files = (
				C9286D536C554C9845AAD911 /* Pods_SocialMedia.framework in Frameworks */,
			);
			runOnlyForDeploymentPostprocessing = 0;
		};
/* End PBXFrameworksBuildPhase section */

/* Begin PBXGroup section */
		17835703C0A3C93447EDD622 /* Pods */ = {
			isa = PBXGroup;
			children = (
				47C8D6B5321B735F0560203F /* Pods-SocialMedia.debug.xcconfig */,
				58E29EBA73F6E9D3402E585E /* Pods-SocialMedia.release.xcconfig */,
			);
			path = Pods;
			sourceTree = "<group>";
		};
		189CC0B52764ED7F00884958 = {
			isa = PBXGroup;
			children = (
				189CC0C02764ED7F00884958 /* SocialMedia */,
				189CC0BF2764ED7F00884958 /* Products */,
				17835703C0A3C93447EDD622 /* Pods */,
				671C26B23D1F7D8CFB335176 /* Frameworks */,
			);
			sourceTree = "<group>";
		};
		189CC0BF2764ED7F00884958 /* Products */ = {
			isa = PBXGroup;
			children = (
				189CC0BE2764ED7F00884958 /* SocialMedia.app */,
			);
			name = Products;
			sourceTree = "<group>";
		};
		189CC0C02764ED7F00884958 /* SocialMedia */ = {
			isa = PBXGroup;
			children = (
				189CC0C12764ED7F00884958 /* AppDelegate.swift */,
				189CC0D52764EE2D00884958 /* RootViewController.swift */,
				189CC0C72764ED7F00884958 /* Main.storyboard */,
				18DE54672764FB41006A664D /* Controllers */,
				18DE54662764FAF7006A664D /* Helpers */,
				18DE54652764FAE0006A664D /* Models */,
				18DE54642764FAD2006A664D /* Views */,
				189CC0CA2764ED8000884958 /* Assets.xcassets */,
				189CC0CC2764ED8000884958 /* LaunchScreen.storyboard */,
				189CC0CF2764ED8000884958 /* Info.plist */,
			);
			path = SocialMedia;
			sourceTree = "<group>";
		};
		18DE54642764FAD2006A664D /* Views */ = {
			isa = PBXGroup;
			children = (
				189E15C527662B580073028F /* PostTableViewCell.swift */,
				189E15C627662B580073028F /* PostTableViewCell.xib */,
			);
			path = Views;
			sourceTree = "<group>";
		};
		18DE54652764FAE0006A664D /* Models */ = {
			isa = PBXGroup;
			children = (
				18DE54682764FB7A006A664D /* DataModels.swift */,
			);
			path = Models;
			sourceTree = "<group>";
		};
		18DE54662764FAF7006A664D /* Helpers */ = {
			isa = PBXGroup;
			children = (
				189E15BD2765ED120073028F /* Tools.swift */,
				189E15BF276600180073028F /* Extensions.swift */,
			);
			path = Helpers;
			sourceTree = "<group>";
		};
		18DE54672764FB41006A664D /* Controllers */ = {
			isa = PBXGroup;
			children = (
				18DE546A2764FE31006A664D /* ChooseUserViewController.swift */,
				18DE545A2764F7D8006A664D /* HomeViewController.swift */,
				189E15C1276614F00073028F /* EditProfileViewController.swift */,
				18DE54602764F829006A664D /* NotifsViewController.swift */,
				18DE54622764F836006A664D /* MessageViewController.swift */,
				189E15C327662B3E0073028F /* AddPostViewController.swift */,
			);
			path = Controllers;
			sourceTree = "<group>";
		};
		671C26B23D1F7D8CFB335176 /* Frameworks */ = {
			isa = PBXGroup;
			children = (
				8706A145A61F844F724924C5 /* Pods_SocialMedia.framework */,
			);
			name = Frameworks;
			sourceTree = "<group>";
		};
/* End PBXGroup section */

/* Begin PBXNativeTarget section */
		189CC0BD2764ED7F00884958 /* SocialMedia */ = {
			isa = PBXNativeTarget;
			buildConfigurationList = 189CC0D22764ED8000884958 /* Build configuration list for PBXNativeTarget "SocialMedia" */;
			buildPhases = (
				6BFC6A768EA876DDDDA2E36E /* [CP] Check Pods Manifest.lock */,
				189CC0BA2764ED7F00884958 /* Sources */,
				189CC0BB2764ED7F00884958 /* Frameworks */,
				189CC0BC2764ED7F00884958 /* Resources */,
			);
			buildRules = (
			);
			dependencies = (
			);
			name = SocialMedia;
			productName = SocialMedia;
			productReference = 189CC0BE2764ED7F00884958 /* SocialMedia.app */;
			productType = "com.apple.product-type.application";
		};
/* End PBXNativeTarget section */

/* Begin PBXProject section */
		189CC0B62764ED7F00884958 /* Project object */ = {
			isa = PBXProject;
			attributes = {
				BuildIndependentTargetsInParallel = 1;
				LastSwiftUpdateCheck = 1300;
				LastUpgradeCheck = 1300;
				TargetAttributes = {
					189CC0BD2764ED7F00884958 = {
						CreatedOnToolsVersion = 13.0;
					};
				};
			};
			buildConfigurationList = 189CC0B92764ED7F00884958 /* Build configuration list for PBXProject "SocialMedia" */;
			compatibilityVersion = "Xcode 13.0";
			developmentRegion = en;
			hasScannedForEncodings = 0;
			knownRegions = (
				en,
				Base,
			);
			mainGroup = 189CC0B52764ED7F00884958;
			productRefGroup = 189CC0BF2764ED7F00884958 /* Products */;
			projectDirPath = "";
			projectRoot = "";
			targets = (
				189CC0BD2764ED7F00884958 /* SocialMedia */,
			);
		};
/* End PBXProject section */

/* Begin PBXResourcesBuildPhase section */
		189CC0BC2764ED7F00884958 /* Resources */ = {
			isa = PBXResourcesBuildPhase;
			buildActionMask = 2147483647;
			files = (
				189CC0CE2764ED8000884958 /* LaunchScreen.storyboard in Resources */,
				189CC0CB2764ED8000884958 /* Assets.xcassets in Resources */,
				189CC0C92764ED7F00884958 /* Main.storyboard in Resources */,
				189E15C827662B580073028F /* PostTableViewCell.xib in Resources */,
			);
			runOnlyForDeploymentPostprocessing = 0;
		};
/* End PBXResourcesBuildPhase section */

/* Begin PBXShellScriptBuildPhase section */
		6BFC6A768EA876DDDDA2E36E /* [CP] Check Pods Manifest.lock */ = {
			isa = PBXShellScriptBuildPhase;
			buildActionMask = 2147483647;
			files = (
			);
			inputFileListPaths = (
			);
			inputPaths = (
				"${PODS_PODFILE_DIR_PATH}/Podfile.lock",
				"${PODS_ROOT}/Manifest.lock",
			);
			name = "[CP] Check Pods Manifest.lock";
			outputFileListPaths = (
			);
			outputPaths = (
				"$(DERIVED_FILE_DIR)/Pods-SocialMedia-checkManifestLockResult.txt",
			);
			runOnlyForDeploymentPostprocessing = 0;
			shellPath = /bin/sh;
			shellScript = "diff \"${PODS_PODFILE_DIR_PATH}/Podfile.lock\" \"${PODS_ROOT}/Manifest.lock\" > /dev/null\nif [ $? != 0 ] ; then\n    # print error to STDERR\n    echo \"error: The sandbox is not in sync with the Podfile.lock. Run 'pod install' or update your CocoaPods installation.\" >&2\n    exit 1\nfi\n# This output is used by Xcode 'outputs' to avoid re-running this script phase.\necho \"SUCCESS\" > \"${SCRIPT_OUTPUT_FILE_0}\"\n";
			showEnvVarsInLog = 0;
		};
/* End PBXShellScriptBuildPhase section */

/* Begin PBXSourcesBuildPhase section */
		189CC0BA2764ED7F00884958 /* Sources */ = {
			isa = PBXSourcesBuildPhase;
			buildActionMask = 2147483647;
			files = (
				189E15C2276614F00073028F /* EditProfileViewController.swift in Sources */,
				18DE546B2764FE31006A664D /* ChooseUserViewController.swift in Sources */,
				18DE54692764FB7A006A664D /* DataModels.swift in Sources */,
				189CC0C22764ED7F00884958 /* AppDelegate.swift in Sources */,
				189CC0D62764EE2D00884958 /* RootViewController.swift in Sources */,
				18DE54612764F829006A664D /* NotifsViewController.swift in Sources */,
				189E15C0276600180073028F /* Extensions.swift in Sources */,
				189E15BE2765ED120073028F /* Tools.swift in Sources */,
				18DE545B2764F7D8006A664D /* HomeViewController.swift in Sources */,
				189E15C427662B3E0073028F /* AddPostViewController.swift in Sources */,
				18DE54632764F836006A664D /* MessageViewController.swift in Sources */,
				189E15C727662B580073028F /* PostTableViewCell.swift in Sources */,
			);
			runOnlyForDeploymentPostprocessing = 0;
		};
/* End PBXSourcesBuildPhase section */

/* Begin PBXVariantGroup section */
		189CC0C72764ED7F00884958 /* Main.storyboard */ = {
			isa = PBXVariantGroup;
			children = (
				189CC0C82764ED7F00884958 /* Base */,
			);
			name = Main.storyboard;
			sourceTree = "<group>";
		};
		189CC0CC2764ED8000884958 /* LaunchScreen.storyboard */ = {
			isa = PBXVariantGroup;
			children = (
				189CC0CD2764ED8000884958 /* Base */,
			);
			name = LaunchScreen.storyboard;
			sourceTree = "<group>";
		};
/* End PBXVariantGroup section */

/* Begin XCBuildConfiguration section */
		189CC0D02764ED8000884958 /* Debug */ = {
			isa = XCBuildConfiguration;
			buildSettings = {
				ALWAYS_SEARCH_USER_PATHS = NO;
				CLANG_ANALYZER_NONNULL = YES;
				CLANG_ANALYZER_NUMBER_OBJECT_CONVERSION = YES_AGGRESSIVE;
				CLANG_CXX_LANGUAGE_STANDARD = "gnu++17";
				CLANG_CXX_LIBRARY = "libc++";
				CLANG_ENABLE_MODULES = YES;
				CLANG_ENABLE_OBJC_ARC = YES;
				CLANG_ENABLE_OBJC_WEAK = YES;
				CLANG_WARN_BLOCK_CAPTURE_AUTORELEASING = YES;
				CLANG_WARN_BOOL_CONVERSION = YES;
				CLANG_WARN_COMMA = YES;
				CLANG_WARN_CONSTANT_CONVERSION = YES;
				CLANG_WARN_DEPRECATED_OBJC_IMPLEMENTATIONS = YES;
				CLANG_WARN_DIRECT_OBJC_ISA_USAGE = YES_ERROR;
				CLANG_WARN_DOCUMENTATION_COMMENTS = YES;
				CLANG_WARN_EMPTY_BODY = YES;
				CLANG_WARN_ENUM_CONVERSION = YES;
				CLANG_WARN_INFINITE_RECURSION = YES;
				CLANG_WARN_INT_CONVERSION = YES;
				CLANG_WARN_NON_LITERAL_NULL_CONVERSION = YES;
				CLANG_WARN_OBJC_IMPLICIT_RETAIN_SELF = YES;
				CLANG_WARN_OBJC_LITERAL_CONVERSION = YES;
				CLANG_WARN_OBJC_ROOT_CLASS = YES_ERROR;
				CLANG_WARN_QUOTED_INCLUDE_IN_FRAMEWORK_HEADER = YES;
				CLANG_WARN_RANGE_LOOP_ANALYSIS = YES;
				CLANG_WARN_STRICT_PROTOTYPES = YES;
				CLANG_WARN_SUSPICIOUS_MOVE = YES;
				CLANG_WARN_UNGUARDED_AVAILABILITY = YES_AGGRESSIVE;
				CLANG_WARN_UNREACHABLE_CODE = YES;
				CLANG_WARN__DUPLICATE_METHOD_MATCH = YES;
				COPY_PHASE_STRIP = NO;
				DEBUG_INFORMATION_FORMAT = dwarf;
				ENABLE_STRICT_OBJC_MSGSEND = YES;
				ENABLE_TESTABILITY = YES;
				GCC_C_LANGUAGE_STANDARD = gnu11;
				GCC_DYNAMIC_NO_PIC = NO;
				GCC_NO_COMMON_BLOCKS = YES;
				GCC_OPTIMIZATION_LEVEL = 0;
				GCC_PREPROCESSOR_DEFINITIONS = (
					"DEBUG=1",
					"$(inherited)",
				);
				GCC_WARN_64_TO_32_BIT_CONVERSION = YES;
				GCC_WARN_ABOUT_RETURN_TYPE = YES_ERROR;
				GCC_WARN_UNDECLARED_SELECTOR = YES;
				GCC_WARN_UNINITIALIZED_AUTOS = YES_AGGRESSIVE;
				GCC_WARN_UNUSED_FUNCTION = YES;
				GCC_WARN_UNUSED_VARIABLE = YES;
				IPHONEOS_DEPLOYMENT_TARGET = 15.0;
				MTL_ENABLE_DEBUG_INFO = INCLUDE_SOURCE;
				MTL_FAST_MATH = YES;
				ONLY_ACTIVE_ARCH = YES;
				SDKROOT = iphoneos;
				SWIFT_ACTIVE_COMPILATION_CONDITIONS = DEBUG;
				SWIFT_OPTIMIZATION_LEVEL = "-Onone";
			};
			name = Debug;
		};
		189CC0D12764ED8000884958 /* Release */ = {
			isa = XCBuildConfiguration;
			buildSettings = {
				ALWAYS_SEARCH_USER_PATHS = NO;
				CLANG_ANALYZER_NONNULL = YES;
				CLANG_ANALYZER_NUMBER_OBJECT_CONVERSION = YES_AGGRESSIVE;
				CLANG_CXX_LANGUAGE_STANDARD = "gnu++17";
				CLANG_CXX_LIBRARY = "libc++";
				CLANG_ENABLE_MODULES = YES;
				CLANG_ENABLE_OBJC_ARC = YES;
				CLANG_ENABLE_OBJC_WEAK = YES;
				CLANG_WARN_BLOCK_CAPTURE_AUTORELEASING = YES;
				CLANG_WARN_BOOL_CONVERSION = YES;
				CLANG_WARN_COMMA = YES;
				CLANG_WARN_CONSTANT_CONVERSION = YES;
				CLANG_WARN_DEPRECATED_OBJC_IMPLEMENTATIONS = YES;
				CLANG_WARN_DIRECT_OBJC_ISA_USAGE = YES_ERROR;
				CLANG_WARN_DOCUMENTATION_COMMENTS = YES;
				CLANG_WARN_EMPTY_BODY = YES;
				CLANG_WARN_ENUM_CONVERSION = YES;
				CLANG_WARN_INFINITE_RECURSION = YES;
				CLANG_WARN_INT_CONVERSION = YES;
				CLANG_WARN_NON_LITERAL_NULL_CONVERSION = YES;
				CLANG_WARN_OBJC_IMPLICIT_RETAIN_SELF = YES;
				CLANG_WARN_OBJC_LITERAL_CONVERSION = YES;
				CLANG_WARN_OBJC_ROOT_CLASS = YES_ERROR;
				CLANG_WARN_QUOTED_INCLUDE_IN_FRAMEWORK_HEADER = YES;
				CLANG_WARN_RANGE_LOOP_ANALYSIS = YES;
				CLANG_WARN_STRICT_PROTOTYPES = YES;
				CLANG_WARN_SUSPICIOUS_MOVE = YES;
				CLANG_WARN_UNGUARDED_AVAILABILITY = YES_AGGRESSIVE;
				CLANG_WARN_UNREACHABLE_CODE = YES;
				CLANG_WARN__DUPLICATE_METHOD_MATCH = YES;
				COPY_PHASE_STRIP = NO;
				DEBUG_INFORMATION_FORMAT = "dwarf-with-dsym";
				ENABLE_NS_ASSERTIONS = NO;
				ENABLE_STRICT_OBJC_MSGSEND = YES;
				GCC_C_LANGUAGE_STANDARD = gnu11;
				GCC_NO_COMMON_BLOCKS = YES;
				GCC_WARN_64_TO_32_BIT_CONVERSION = YES;
				GCC_WARN_ABOUT_RETURN_TYPE = YES_ERROR;
				GCC_WARN_UNDECLARED_SELECTOR = YES;
				GCC_WARN_UNINITIALIZED_AUTOS = YES_AGGRESSIVE;
				GCC_WARN_UNUSED_FUNCTION = YES;
				GCC_WARN_UNUSED_VARIABLE = YES;
				IPHONEOS_DEPLOYMENT_TARGET = 15.0;
				MTL_ENABLE_DEBUG_INFO = NO;
				MTL_FAST_MATH = YES;
				SDKROOT = iphoneos;
				SWIFT_COMPILATION_MODE = wholemodule;
				SWIFT_OPTIMIZATION_LEVEL = "-O";
				VALIDATE_PRODUCT = YES;
			};
			name = Release;
		};
		189CC0D32764ED8000884958 /* Debug */ = {
			isa = XCBuildConfiguration;
			baseConfigurationReference = 47C8D6B5321B735F0560203F /* Pods-SocialMedia.debug.xcconfig */;
			buildSettings = {
				ASSETCATALOG_COMPILER_APPICON_NAME = AppIcon;
				ASSETCATALOG_COMPILER_GLOBAL_ACCENT_COLOR_NAME = AccentColor;
				CODE_SIGN_STYLE = Automatic;
				CURRENT_PROJECT_VERSION = 1000;
				GENERATE_INFOPLIST_FILE = YES;
				INFOPLIST_FILE = SocialMedia/Info.plist;
				INFOPLIST_KEY_UIApplicationSupportsIndirectInputEvents = YES;
				INFOPLIST_KEY_UILaunchStoryboardName = LaunchScreen;
				INFOPLIST_KEY_UIMainStoryboardFile = Main;
				INFOPLIST_KEY_UISupportedInterfaceOrientations = UIInterfaceOrientationPortrait;
				INFOPLIST_KEY_UISupportedInterfaceOrientations_iPad = "UIInterfaceOrientationPortrait UIInterfaceOrientationPortraitUpsideDown UIInterfaceOrientationLandscapeLeft UIInterfaceOrientationLandscapeRight";
				INFOPLIST_KEY_UISupportedInterfaceOrientations_iPhone = "UIInterfaceOrientationPortrait UIInterfaceOrientationLandscapeLeft UIInterfaceOrientationLandscapeRight";
				IPHONEOS_DEPLOYMENT_TARGET = 11.0;
				LD_RUNPATH_SEARCH_PATHS = (
					"$(inherited)",
					"@executable_path/Frameworks",
				);
				MARKETING_VERSION = 1.0.0;
				PRODUCT_BUNDLE_IDENTIFIER = Oguzhan.SocialMedia;
				PRODUCT_NAME = "$(TARGET_NAME)";
				SWIFT_EMIT_LOC_STRINGS = YES;
				SWIFT_VERSION = 5.0;
				TARGETED_DEVICE_FAMILY = 1;
			};
			name = Debug;
		};
		189CC0D42764ED8000884958 /* Release */ = {
			isa = XCBuildConfiguration;
			baseConfigurationReference = 58E29EBA73F6E9D3402E585E /* Pods-SocialMedia.release.xcconfig */;
			buildSettings = {
				ASSETCATALOG_COMPILER_APPICON_NAME = AppIcon;
				ASSETCATALOG_COMPILER_GLOBAL_ACCENT_COLOR_NAME = AccentColor;
				CODE_SIGN_STYLE = Automatic;
				CURRENT_PROJECT_VERSION = 1000;
				GENERATE_INFOPLIST_FILE = YES;
				INFOPLIST_FILE = SocialMedia/Info.plist;
				INFOPLIST_KEY_UIApplicationSupportsIndirectInputEvents = YES;
				INFOPLIST_KEY_UILaunchStoryboardName = LaunchScreen;
				INFOPLIST_KEY_UIMainStoryboardFile = Main;
				INFOPLIST_KEY_UISupportedInterfaceOrientations = UIInterfaceOrientationPortrait;
				INFOPLIST_KEY_UISupportedInterfaceOrientations_iPad = "UIInterfaceOrientationPortrait UIInterfaceOrientationPortraitUpsideDown UIInterfaceOrientationLandscapeLeft UIInterfaceOrientationLandscapeRight";
				INFOPLIST_KEY_UISupportedInterfaceOrientations_iPhone = "UIInterfaceOrientationPortrait UIInterfaceOrientationLandscapeLeft UIInterfaceOrientationLandscapeRight";
				IPHONEOS_DEPLOYMENT_TARGET = 11.0;
				LD_RUNPATH_SEARCH_PATHS = (
					"$(inherited)",
					"@executable_path/Frameworks",
				);
				MARKETING_VERSION = 1.0.0;
				PRODUCT_BUNDLE_IDENTIFIER = Oguzhan.SocialMedia;
				PRODUCT_NAME = "$(TARGET_NAME)";
				SWIFT_EMIT_LOC_STRINGS = YES;
				SWIFT_VERSION = 5.0;
				TARGETED_DEVICE_FAMILY = 1;
			};
			name = Release;
		};
/* End XCBuildConfiguration section */

/* Begin XCConfigurationList section */
		189CC0B92764ED7F00884958 /* Build configuration list for PBXProject "SocialMedia" */ = {
			isa = XCConfigurationList;
			buildConfigurations = (
				189CC0D02764ED8000884958 /* Debug */,
				189CC0D12764ED8000884958 /* Release */,
			);
			defaultConfigurationIsVisible = 0;
			defaultConfigurationName = Release;
		};
		189CC0D22764ED8000884958 /* Build configuration list for PBXNativeTarget "SocialMedia" */ = {
			isa = XCConfigurationList;
			buildConfigurations = (
				189CC0D32764ED8000884958 /* Debug */,
				189CC0D42764ED8000884958 /* Release */,
			);
			defaultConfigurationIsVisible = 0;
			defaultConfigurationName = Release;
		};
/* End XCConfigurationList section */
	};
	rootObject = 189CC0B62764ED7F00884958 /* Project object */;
}
